
Microsoft Visual Studio Solution File, Format Version 12.00
# Visual Studio Version 17
VisualStudioVersion = 17.7.34031.279
MinimumVisualStudioVersion = 10.0.40219.1
Project("{9A19103F-16F7-4668-BE54-9A1E7A4F7556}") = "PeculiarCardGame.WebApi", "PeculiarCardGame.WebApi\PeculiarCardGame.WebApi.csproj", "{25D23B3A-5957-4658-90CA-F65AB2DB94AD}"
EndProject
Project("{9A19103F-16F7-4668-BE54-9A1E7A4F7556}") = "PeculiarCardGame.Shared", "PeculiarCardGame.Shared\PeculiarCardGame.Shared.csproj", "{1BE97921-4A74-43A9-9F70-6BEBD9D1D343}"
EndProject
Project("{9A19103F-16F7-4668-BE54-9A1E7A4F7556}") = "PeculiarCardGame.Data", "PeculiarCardGame.Data\PeculiarCardGame.Data.csproj", "{9E120691-D0A8-4DEF-B82B-0518C0407C40}"
EndProject
Project("{9A19103F-16F7-4668-BE54-9A1E7A4F7556}") = "PeculiarCardGame.Services", "PeculiarCardGame.Services\PeculiarCardGame.Services.csproj", "{D2A94ACC-E4F7-4220-A028-E65883C6FBCF}"
EndProject
Project("{9A19103F-16F7-4668-BE54-9A1E7A4F7556}") = "PeculiarCardGame.UnitTests", "PeculiarCardGame.Tests\PeculiarCardGame.UnitTests.csproj", "{EA786CF8-5AD7-4B77-86C9-910C1A365A8A}"
EndProject
Global
	GlobalSection(SolutionConfigurationPlatforms) = preSolution
		Debug|Any CPU = Debug|Any CPU
		Release|Any CPU = Release|Any CPU
	EndGlobalSection
	GlobalSection(ProjectConfigurationPlatforms) = postSolution
		{25D23B3A-5957-4658-90CA-F65AB2DB94AD}.Debug|Any CPU.ActiveCfg = Debug|Any CPU
		{25D23B3A-5957-4658-90CA-F65AB2DB94AD}.Debug|Any CPU.Build.0 = Debug|Any CPU
		{25D23B3A-5957-4658-90CA-F65AB2DB94AD}.Release|Any CPU.ActiveCfg = Release|Any CPU
		{25D23B3A-5957-4658-90CA-F65AB2DB94AD}.Release|Any CPU.Build.0 = Release|Any CPU
		{1BE97921-4A74-43A9-9F70-6BEBD9D1D343}.Debug|Any CPU.ActiveCfg = Debug|Any CPU
		{1BE97921-4A74-43A9-9F70-6BEBD9D1D343}.Debug|Any CPU.Build.0 = Debug|Any CPU
		{1BE97921-4A74-43A9-9F70-6BEBD9D1D343}.Release|Any CPU.ActiveCfg = Release|Any CPU
		{1BE97921-4A74-43A9-9F70-6BEBD9D1D343}.Release|Any CPU.Build.0 = Release|Any CPU
		{9E120691-D0A8-4DEF-B82B-0518C0407C40}.Debug|Any CPU.ActiveCfg = Debug|Any CPU
		{9E120691-D0A8-4DEF-B82B-0518C0407C40}.Debug|Any CPU.Build.0 = Debug|Any CPU
		{9E120691-D0A8-4DEF-B82B-0518C0407C40}.Release|Any CPU.ActiveCfg = Release|Any CPU
		{9E120691-D0A8-4DEF-B82B-0518C0407C40}.Release|Any CPU.Build.0 = Release|Any CPU
		{D2A94ACC-E4F7-4220-A028-E65883C6FBCF}.Debug|Any CPU.ActiveCfg = Debug|Any CPU
		{D2A94ACC-E4F7-4220-A028-E65883C6FBCF}.Debug|Any CPU.Build.0 = Debug|Any CPU
		{D2A94ACC-E4F7-4220-A028-E65883C6FBCF}.Release|Any CPU.ActiveCfg = Release|Any CPU
		{D2A94ACC-E4F7-4220-A028-E65883C6FBCF}.Release|Any CPU.Build.0 = Release|Any CPU
		{EA786CF8-5AD7-4B77-86C9-910C1A365A8A}.Debug|Any CPU.ActiveCfg = Debug|Any CPU
		{EA786CF8-5AD7-4B77-86C9-910C1A365A8A}.Debug|Any CPU.Build.0 = Debug|Any CPU
		{EA786CF8-5AD7-4B77-86C9-910C1A365A8A}.Release|Any CPU.ActiveCfg = Release|Any CPU
		{EA786CF8-5AD7-4B77-86C9-910C1A365A8A}.Release|Any CPU.Build.0 = Release|Any CPU
	EndGlobalSection
	GlobalSection(SolutionProperties) = preSolution
		HideSolutionNode = FALSE
	EndGlobalSection
	GlobalSection(ExtensibilityGlobals) = postSolution
		SolutionGuid = {22B59C85-2101-4B97-B693-02C44FCB119E}
	EndGlobalSection
EndGlobal
